
Microsoft Visual Studio Solution File, Format Version 12.00
# Visual Studio Version 17
VisualStudioVersion = 17.5.002.0
MinimumVisualStudioVersion = 10.0.40219.1
Project("{9A19103F-16F7-4668-BE54-9A1E7A4F7556}") = "task1", "Task1\task1.csproj", "{AA9BB412-7814-4692-A5EA-44A3033F1B8D}"
EndProject
Global
	GlobalSection(SolutionConfigurationPlatforms) = preSolution
		Debug|Any CPU = Debug|Any CPU
		Release|Any CPU = Release|Any CPU
	EndGlobalSection
	GlobalSection(ProjectConfigurationPlatforms) = postSolution
		{AA9BB412-7814-4692-A5EA-44A3033F1B8D}.Debug|Any CPU.ActiveCfg = Debug|Any CPU
		{AA9BB412-7814-4692-A5EA-44A3033F1B8D}.Debug|Any CPU.Build.0 = Debug|Any CPU
		{AA9BB412-7814-4692-A5EA-44A3033F1B8D}.Release|Any CPU.ActiveCfg = Release|Any CPU
		{AA9BB412-7814-4692-A5EA-44A3033F1B8D}.Release|Any CPU.Build.0 = Release|Any CPU
	EndGlobalSection
	GlobalSection(SolutionProperties) = preSolution
		HideSolutionNode = FALSE
	EndGlobalSection
	GlobalSection(ExtensibilityGlobals) = postSolution
		SolutionGuid = {1E437EEE-2B39-4678-A7D3-9C3AE51FF655}
	EndGlobalSection
EndGlobal
