
Microsoft Visual Studio Solution File, Format Version 12.00
# Visual Studio Version 17
VisualStudioVersion = 17.5.002.0
MinimumVisualStudioVersion = 10.0.40219.1
Project("{9A19103F-16F7-4668-BE54-9A1E7A4F7556}") = "task_001", "Task_001\task_001.csproj", "{9FE0FEE5-BBEE-40E9-A4C1-9939DE115146}"
EndProject
Global
	GlobalSection(SolutionConfigurationPlatforms) = preSolution
		Debug|Any CPU = Debug|Any CPU
		Release|Any CPU = Release|Any CPU
	EndGlobalSection
	GlobalSection(ProjectConfigurationPlatforms) = postSolution
		{9FE0FEE5-BBEE-40E9-A4C1-9939DE115146}.Debug|Any CPU.ActiveCfg = Debug|Any CPU
		{9FE0FEE5-BBEE-40E9-A4C1-9939DE115146}.Debug|Any CPU.Build.0 = Debug|Any CPU
		{9FE0FEE5-BBEE-40E9-A4C1-9939DE115146}.Release|Any CPU.ActiveCfg = Release|Any CPU
		{9FE0FEE5-BBEE-40E9-A4C1-9939DE115146}.Release|Any CPU.Build.0 = Release|Any CPU
	EndGlobalSection
	GlobalSection(SolutionProperties) = preSolution
		HideSolutionNode = FALSE
	EndGlobalSection
	GlobalSection(ExtensibilityGlobals) = postSolution
		SolutionGuid = {A8A94F84-908D-4463-8512-835D1EBE5AD6}
	EndGlobalSection
EndGlobal
