
Microsoft Visual Studio Solution File, Format Version 12.00
# Visual Studio Version 17
VisualStudioVersion = 17.5.002.0
MinimumVisualStudioVersion = 10.0.40219.1
Project("{9A19103F-16F7-4668-BE54-9A1E7A4F7556}") = "task1", "Task1\task1.csproj", "{A0CE857C-90D0-485F-B2C2-A2143C0F79AE}"
EndProject
Global
	GlobalSection(SolutionConfigurationPlatforms) = preSolution
		Debug|Any CPU = Debug|Any CPU
		Release|Any CPU = Release|Any CPU
	EndGlobalSection
	GlobalSection(ProjectConfigurationPlatforms) = postSolution
		{A0CE857C-90D0-485F-B2C2-A2143C0F79AE}.Debug|Any CPU.ActiveCfg = Debug|Any CPU
		{A0CE857C-90D0-485F-B2C2-A2143C0F79AE}.Debug|Any CPU.Build.0 = Debug|Any CPU
		{A0CE857C-90D0-485F-B2C2-A2143C0F79AE}.Release|Any CPU.ActiveCfg = Release|Any CPU
		{A0CE857C-90D0-485F-B2C2-A2143C0F79AE}.Release|Any CPU.Build.0 = Release|Any CPU
	EndGlobalSection
	GlobalSection(SolutionProperties) = preSolution
		HideSolutionNode = FALSE
	EndGlobalSection
	GlobalSection(ExtensibilityGlobals) = postSolution
		SolutionGuid = {40CD35BD-C2F7-4C7D-B64C-6CF4436912A5}
	EndGlobalSection
EndGlobal
